
Microsoft Visual Studio Solution File, Format Version 12.00
# Visual Studio Version 16
VisualStudioVersion = 16.0.33927.289
MinimumVisualStudioVersion = 10.0.40219.1
Project("{FAE04EC0-301F-11D3-BF4B-00C04F79EFBC}") = "Tyuiu.KultyshevaEA.Sprint5.Task0.V30", "Tyuiu.KultyshevaEA.Sprint5.Task0.V30\Tyuiu.KultyshevaEA.Sprint5.Task0.V30.csproj", "{AFD98F09-ECA8-4126-85AB-4B2A4D976242}"
EndProject
Project("{FAE04EC0-301F-11D3-BF4B-00C04F79EFBC}") = "Tyuiu.KultyshevaEA.Sprint5.Task0.V30.Lib", "Tyuiu.KultyshevaEA.Sprint5.Task0.V30.Lib\Tyuiu.KultyshevaEA.Sprint5.Task0.V30.Lib.csproj", "{9FDB1941-AE94-44B1-891F-61ABFA183115}"
EndProject
Project("{FAE04EC0-301F-11D3-BF4B-00C04F79EFBC}") = "Tyuiu.KultyshevaEA.Sprint5.Task0.V30.Test", "Tyuiu.KultyshevaEA.Sprint5.Task0.V30.Test\Tyuiu.KultyshevaEA.Sprint5.Task0.V30.Test.csproj", "{4A5E105B-7529-4587-8A85-CC2D626A1467}"
EndProject
Project("{2150E333-8FDC-42A3-9474-1A3956D46DE8}") = "Task1", "Task1", "{6EA422F6-C8CF-4A2A-A9CB-8CB8DB1B5DF2}"
EndProject
Project("{FAE04EC0-301F-11D3-BF4B-00C04F79EFBC}") = "Tyuiu.KultyshevaEA.Sprint5.Task1.V7", "Tyuiu.KultyshevaEA.Sprint5.Task1.V7\Tyuiu.KultyshevaEA.Sprint5.Task1.V7.csproj", "{311AF2EA-8577-426F-B60A-B71C10F4448E}"
EndProject
Project("{FAE04EC0-301F-11D3-BF4B-00C04F79EFBC}") = "Tyuiu.KultyshevaEA.Sprint5.Task1.V7.Lib", "Tyuiu.KultyshevaEA.Sprint5.Task1.V7.Lib\Tyuiu.KultyshevaEA.Sprint5.Task1.V7.Lib.csproj", "{B07DC647-FD9F-46B3-B532-8BA0E9518F78}"
EndProject
Project("{FAE04EC0-301F-11D3-BF4B-00C04F79EFBC}") = "Tyuiu.KultyshevaEA.Sprint5.Task1.V7.Test", "Tyuiu.KultyshevaEA.Sprint5.Task1.V7.Test\Tyuiu.KultyshevaEA.Sprint5.Task1.V7.Test.csproj", "{549744BF-AD4F-407F-A071-A38F74D1214C}"
EndProject
Global
	GlobalSection(SolutionConfigurationPlatforms) = preSolution
		Debug|Any CPU = Debug|Any CPU
		Release|Any CPU = Release|Any CPU
	EndGlobalSection
	GlobalSection(ProjectConfigurationPlatforms) = postSolution
		{AFD98F09-ECA8-4126-85AB-4B2A4D976242}.Debug|Any CPU.ActiveCfg = Debug|Any CPU
		{AFD98F09-ECA8-4126-85AB-4B2A4D976242}.Debug|Any CPU.Build.0 = Debug|Any CPU
		{AFD98F09-ECA8-4126-85AB-4B2A4D976242}.Release|Any CPU.ActiveCfg = Release|Any CPU
		{AFD98F09-ECA8-4126-85AB-4B2A4D976242}.Release|Any CPU.Build.0 = Release|Any CPU
		{9FDB1941-AE94-44B1-891F-61ABFA183115}.Debug|Any CPU.ActiveCfg = Debug|Any CPU
		{9FDB1941-AE94-44B1-891F-61ABFA183115}.Debug|Any CPU.Build.0 = Debug|Any CPU
		{9FDB1941-AE94-44B1-891F-61ABFA183115}.Release|Any CPU.ActiveCfg = Release|Any CPU
		{9FDB1941-AE94-44B1-891F-61ABFA183115}.Release|Any CPU.Build.0 = Release|Any CPU
		{4A5E105B-7529-4587-8A85-CC2D626A1467}.Debug|Any CPU.ActiveCfg = Debug|Any CPU
		{4A5E105B-7529-4587-8A85-CC2D626A1467}.Debug|Any CPU.Build.0 = Debug|Any CPU
		{4A5E105B-7529-4587-8A85-CC2D626A1467}.Release|Any CPU.ActiveCfg = Release|Any CPU
		{4A5E105B-7529-4587-8A85-CC2D626A1467}.Release|Any CPU.Build.0 = Release|Any CPU
		{311AF2EA-8577-426F-B60A-B71C10F4448E}.Debug|Any CPU.ActiveCfg = Debug|Any CPU
		{311AF2EA-8577-426F-B60A-B71C10F4448E}.Debug|Any CPU.Build.0 = Debug|Any CPU
		{311AF2EA-8577-426F-B60A-B71C10F4448E}.Release|Any CPU.ActiveCfg = Release|Any CPU
		{311AF2EA-8577-426F-B60A-B71C10F4448E}.Release|Any CPU.Build.0 = Release|Any CPU
		{B07DC647-FD9F-46B3-B532-8BA0E9518F78}.Debug|Any CPU.ActiveCfg = Debug|Any CPU
		{B07DC647-FD9F-46B3-B532-8BA0E9518F78}.Debug|Any CPU.Build.0 = Debug|Any CPU
		{B07DC647-FD9F-46B3-B532-8BA0E9518F78}.Release|Any CPU.ActiveCfg = Release|Any CPU
		{B07DC647-FD9F-46B3-B532-8BA0E9518F78}.Release|Any CPU.Build.0 = Release|Any CPU
		{549744BF-AD4F-407F-A071-A38F74D1214C}.Debug|Any CPU.ActiveCfg = Debug|Any CPU
		{549744BF-AD4F-407F-A071-A38F74D1214C}.Debug|Any CPU.Build.0 = Debug|Any CPU
		{549744BF-AD4F-407F-A071-A38F74D1214C}.Release|Any CPU.ActiveCfg = Release|Any CPU
		{549744BF-AD4F-407F-A071-A38F74D1214C}.Release|Any CPU.Build.0 = Release|Any CPU
	EndGlobalSection
	GlobalSection(SolutionProperties) = preSolution
		HideSolutionNode = FALSE
	EndGlobalSection
	GlobalSection(NestedProjects) = preSolution
		{311AF2EA-8577-426F-B60A-B71C10F4448E} = {6EA422F6-C8CF-4A2A-A9CB-8CB8DB1B5DF2}
		{B07DC647-FD9F-46B3-B532-8BA0E9518F78} = {6EA422F6-C8CF-4A2A-A9CB-8CB8DB1B5DF2}
		{549744BF-AD4F-407F-A071-A38F74D1214C} = {6EA422F6-C8CF-4A2A-A9CB-8CB8DB1B5DF2}
	EndGlobalSection
	GlobalSection(ExtensibilityGlobals) = postSolution
		SolutionGuid = {D8F3602C-4776-45D7-8B38-3495D1A22AC9}
	EndGlobalSection
EndGlobal
