
Microsoft Visual Studio Solution File, Format Version 12.00
# Visual Studio Version 16
VisualStudioVersion = 16.0.33927.289
MinimumVisualStudioVersion = 10.0.40219.1
Project("{FAE04EC0-301F-11D3-BF4B-00C04F79EFBC}") = "Tyuiu.KultyshevaEA.Sprint5.Task0.V30", "Tyuiu.KultyshevaEA.Sprint5.Task0.V30\Tyuiu.KultyshevaEA.Sprint5.Task0.V30.csproj", "{AFD98F09-ECA8-4126-85AB-4B2A4D976242}"
EndProject
Project("{FAE04EC0-301F-11D3-BF4B-00C04F79EFBC}") = "Tyuiu.KultyshevaEA.Sprint5.Task0.V30.Lib", "Tyuiu.KultyshevaEA.Sprint5.Task0.V30.Lib\Tyuiu.KultyshevaEA.Sprint5.Task0.V30.Lib.csproj", "{9FDB1941-AE94-44B1-891F-61ABFA183115}"
EndProject
Project("{FAE04EC0-301F-11D3-BF4B-00C04F79EFBC}") = "Tyuiu.KultyshevaEA.Sprint5.Task0.V30.Test", "Tyuiu.KultyshevaEA.Sprint5.Task0.V30.Test\Tyuiu.KultyshevaEA.Sprint5.Task0.V30.Test.csproj", "{4A5E105B-7529-4587-8A85-CC2D626A1467}"
EndProject
Project("{2150E333-8FDC-42A3-9474-1A3956D46DE8}") = "Task1", "Task1", "{6EA422F6-C8CF-4A2A-A9CB-8CB8DB1B5DF2}"
EndProject
Project("{FAE04EC0-301F-11D3-BF4B-00C04F79EFBC}") = "Tyuiu.KultyshevaEA.Sprint5.Task1.V7", "Tyuiu.KultyshevaEA.Sprint5.Task1.V7\Tyuiu.KultyshevaEA.Sprint5.Task1.V7.csproj", "{311AF2EA-8577-426F-B60A-B71C10F4448E}"
EndProject
Project("{FAE04EC0-301F-11D3-BF4B-00C04F79EFBC}") = "Tyuiu.KultyshevaEA.Sprint5.Task1.V7.Lib", "Tyuiu.KultyshevaEA.Sprint5.Task1.V7.Lib\Tyuiu.KultyshevaEA.Sprint5.Task1.V7.Lib.csproj", "{B07DC647-FD9F-46B3-B532-8BA0E9518F78}"
EndProject
Project("{FAE04EC0-301F-11D3-BF4B-00C04F79EFBC}") = "Tyuiu.KultyshevaEA.Sprint5.Task1.V7.Test", "Tyuiu.KultyshevaEA.Sprint5.Task1.V7.Test\Tyuiu.KultyshevaEA.Sprint5.Task1.V7.Test.csproj", "{549744BF-AD4F-407F-A071-A38F74D1214C}"
EndProject
Project("{2150E333-8FDC-42A3-9474-1A3956D46DE8}") = "Task2", "Task2", "{2BEFEF69-5574-41B2-A35D-A53900A3CFD2}"
EndProject
Project("{FAE04EC0-301F-11D3-BF4B-00C04F79EFBC}") = "Tyuiu.KultyshevaEA.Sprint5.Task2.V18", "Tyuiu.KultyshevaEA.Sprint5.Task2.V18\Tyuiu.KultyshevaEA.Sprint5.Task2.V18.csproj", "{4CBF2F7F-4E2C-4AEB-98D0-81FA02492BD3}"
EndProject
Project("{FAE04EC0-301F-11D3-BF4B-00C04F79EFBC}") = "Tyuiu.KultyshevaEA.Sprint5.Task2.V18.Lib", "Tyuiu.KultyshevaEA.Sprint5.Task2.V18.Lib\Tyuiu.KultyshevaEA.Sprint5.Task2.V18.Lib.csproj", "{A60C4205-A8F7-4988-8343-88058D51F6E5}"
EndProject
Project("{FAE04EC0-301F-11D3-BF4B-00C04F79EFBC}") = "Tyuiu.KultyshevaEA.Sprint5.Task2.V18.Test", "Tyuiu.KultyshevaEA.Sprint5.Task2.V18.Test\Tyuiu.KultyshevaEA.Sprint5.Task2.V18.Test.csproj", "{D4976EA1-8174-433E-AEE4-B411CD24987E}"
EndProject
Project("{2150E333-8FDC-42A3-9474-1A3956D46DE8}") = "Task3", "Task3", "{5EA12B40-1A9D-4394-B5FE-1940AC87868C}"
EndProject
Project("{FAE04EC0-301F-11D3-BF4B-00C04F79EFBC}") = "Tyuiu.KultyshevaEA.Sprint5.Task3.V25", "Tyuiu.KultyshevaEA.Sprint5.Task3.V25\Tyuiu.KultyshevaEA.Sprint5.Task3.V25.csproj", "{415E828F-21E6-4D0A-8AF6-A0F616A16317}"
EndProject
Project("{FAE04EC0-301F-11D3-BF4B-00C04F79EFBC}") = "Tyuiu.KultyshevaEA.Sprint5.Task3.V25.Lib", "Tyuiu.KultyshevaEA.Sprint5.Task3.V25.Lib\Tyuiu.KultyshevaEA.Sprint5.Task3.V25.Lib.csproj", "{D7B58408-14C7-459E-914A-FE6232B0D3A1}"
EndProject
Project("{FAE04EC0-301F-11D3-BF4B-00C04F79EFBC}") = "Tyuiu.KultyshevaEA.Sprint5.Task3.V25.Test", "Tyuiu.KultyshevaEA.Sprint5.Task3.V25.Test\Tyuiu.KultyshevaEA.Sprint5.Task3.V25.Test.csproj", "{97FBAF8B-F3B8-4612-B9AD-B8F5233B5F4C}"
EndProject
Project("{2150E333-8FDC-42A3-9474-1A3956D46DE8}") = "Task4", "Task4", "{1E42878A-1CB4-4633-8736-F9B9D75A622D}"
EndProject
Project("{FAE04EC0-301F-11D3-BF4B-00C04F79EFBC}") = "Tyuiu.KultyshevaEA.Sprint5.Task4.V10", "Tyuiu.KultyshevaEA.Sprint5.Task4.V10\Tyuiu.KultyshevaEA.Sprint5.Task4.V10.csproj", "{3BBADA67-6313-4023-9BA5-54234336B0B5}"
EndProject
Project("{FAE04EC0-301F-11D3-BF4B-00C04F79EFBC}") = "Tyuiu.KultyshevaEA.Sprint5.Task4.V10.Lib", "Tyuiu.KultyshevaEA.Sprint5.Task4.V10.Lib\Tyuiu.KultyshevaEA.Sprint5.Task4.V10.Lib.csproj", "{5100B263-D492-488F-B3C1-D82E4320C197}"
EndProject
Project("{FAE04EC0-301F-11D3-BF4B-00C04F79EFBC}") = "Tyuiu.KultyshevaEA.Sprint5.Task4.V10.Test", "Tyuiu.KultyshevaEA.Sprint5.Task4.V10.Test\Tyuiu.KultyshevaEA.Sprint5.Task4.V10.Test.csproj", "{9BF4D8D9-4629-4945-8D96-392D168456D1}"
EndProject
Project("{2150E333-8FDC-42A3-9474-1A3956D46DE8}") = "Task5", "Task5", "{0F0B91CD-ADCF-4D3E-8B5F-9157A9C1399B}"
EndProject
Project("{FAE04EC0-301F-11D3-BF4B-00C04F79EFBC}") = "Tyuiu.KultyshevaEA.Sprint5.Task5.V23", "Tyuiu.KultyshevaEA.Sprint5.Task5.V23\Tyuiu.KultyshevaEA.Sprint5.Task5.V23.csproj", "{73585E4E-EDBA-48C4-8331-64C4B590A94A}"
EndProject
Project("{FAE04EC0-301F-11D3-BF4B-00C04F79EFBC}") = "Tyuiu.KultyshevaEA.Sprint5.Task5.V23.Lib", "Tyuiu.KultyshevaEA.Sprint5.Task5.V23.Lib\Tyuiu.KultyshevaEA.Sprint5.Task5.V23.Lib.csproj", "{CD1A2140-69E1-4976-8E74-F0A3BD1CCFE1}"
EndProject
Project("{FAE04EC0-301F-11D3-BF4B-00C04F79EFBC}") = "Tyuiu.KultyshevaEA.Sprint5.Task5.V23.Test", "Tyuiu.KultyshevaEA.Sprint5.Task5.V23.Test\Tyuiu.KultyshevaEA.Sprint5.Task5.V23.Test.csproj", "{2DED3CFE-2D0A-40F5-8DB3-BC3625176E73}"
EndProject
Project("{2150E333-8FDC-42A3-9474-1A3956D46DE8}") = "Task6", "Task6", "{2DA74FA9-3123-47E0-B224-B24B91E19555}"
EndProject
Project("{FAE04EC0-301F-11D3-BF4B-00C04F79EFBC}") = "Tyuiu.KultyshevaEA.Sprint5.Task6.V4", "Tyuiu.KultyshevaEA.Sprint5.Task6.V4\Tyuiu.KultyshevaEA.Sprint5.Task6.V4.csproj", "{9823A7EB-4E28-49FE-AE84-C73EE51AA3AC}"
EndProject
Project("{FAE04EC0-301F-11D3-BF4B-00C04F79EFBC}") = "Tyuiu.KultyshevaEA.Sprint5.Task6.V4.Lib", "Tyuiu.KultyshevaEA.Sprint5.Task6.V4.Lib\Tyuiu.KultyshevaEA.Sprint5.Task6.V4.Lib.csproj", "{A2888007-CB8B-4FAF-81C7-D2130749249A}"
EndProject
Project("{FAE04EC0-301F-11D3-BF4B-00C04F79EFBC}") = "Tyuiu.KultyshevaEA.Sprint5.Task6.V4.Test", "Tyuiu.KultyshevaEA.Sprint5.Task6.V4.Test\Tyuiu.KultyshevaEA.Sprint5.Task6.V4.Test.csproj", "{CD63FA08-5248-443B-87D8-453B910D57F2}"
EndProject
Global
	GlobalSection(SolutionConfigurationPlatforms) = preSolution
		Debug|Any CPU = Debug|Any CPU
		Release|Any CPU = Release|Any CPU
	EndGlobalSection
	GlobalSection(ProjectConfigurationPlatforms) = postSolution
		{AFD98F09-ECA8-4126-85AB-4B2A4D976242}.Debug|Any CPU.ActiveCfg = Debug|Any CPU
		{AFD98F09-ECA8-4126-85AB-4B2A4D976242}.Debug|Any CPU.Build.0 = Debug|Any CPU
		{AFD98F09-ECA8-4126-85AB-4B2A4D976242}.Release|Any CPU.ActiveCfg = Release|Any CPU
		{AFD98F09-ECA8-4126-85AB-4B2A4D976242}.Release|Any CPU.Build.0 = Release|Any CPU
		{9FDB1941-AE94-44B1-891F-61ABFA183115}.Debug|Any CPU.ActiveCfg = Debug|Any CPU
		{9FDB1941-AE94-44B1-891F-61ABFA183115}.Debug|Any CPU.Build.0 = Debug|Any CPU
		{9FDB1941-AE94-44B1-891F-61ABFA183115}.Release|Any CPU.ActiveCfg = Release|Any CPU
		{9FDB1941-AE94-44B1-891F-61ABFA183115}.Release|Any CPU.Build.0 = Release|Any CPU
		{4A5E105B-7529-4587-8A85-CC2D626A1467}.Debug|Any CPU.ActiveCfg = Debug|Any CPU
		{4A5E105B-7529-4587-8A85-CC2D626A1467}.Debug|Any CPU.Build.0 = Debug|Any CPU
		{4A5E105B-7529-4587-8A85-CC2D626A1467}.Release|Any CPU.ActiveCfg = Release|Any CPU
		{4A5E105B-7529-4587-8A85-CC2D626A1467}.Release|Any CPU.Build.0 = Release|Any CPU
		{311AF2EA-8577-426F-B60A-B71C10F4448E}.Debug|Any CPU.ActiveCfg = Debug|Any CPU
		{311AF2EA-8577-426F-B60A-B71C10F4448E}.Debug|Any CPU.Build.0 = Debug|Any CPU
		{311AF2EA-8577-426F-B60A-B71C10F4448E}.Release|Any CPU.ActiveCfg = Release|Any CPU
		{311AF2EA-8577-426F-B60A-B71C10F4448E}.Release|Any CPU.Build.0 = Release|Any CPU
		{B07DC647-FD9F-46B3-B532-8BA0E9518F78}.Debug|Any CPU.ActiveCfg = Debug|Any CPU
		{B07DC647-FD9F-46B3-B532-8BA0E9518F78}.Debug|Any CPU.Build.0 = Debug|Any CPU
		{B07DC647-FD9F-46B3-B532-8BA0E9518F78}.Release|Any CPU.ActiveCfg = Release|Any CPU
		{B07DC647-FD9F-46B3-B532-8BA0E9518F78}.Release|Any CPU.Build.0 = Release|Any CPU
		{549744BF-AD4F-407F-A071-A38F74D1214C}.Debug|Any CPU.ActiveCfg = Debug|Any CPU
		{549744BF-AD4F-407F-A071-A38F74D1214C}.Debug|Any CPU.Build.0 = Debug|Any CPU
		{549744BF-AD4F-407F-A071-A38F74D1214C}.Release|Any CPU.ActiveCfg = Release|Any CPU
		{549744BF-AD4F-407F-A071-A38F74D1214C}.Release|Any CPU.Build.0 = Release|Any CPU
		{4CBF2F7F-4E2C-4AEB-98D0-81FA02492BD3}.Debug|Any CPU.ActiveCfg = Debug|Any CPU
		{4CBF2F7F-4E2C-4AEB-98D0-81FA02492BD3}.Debug|Any CPU.Build.0 = Debug|Any CPU
		{4CBF2F7F-4E2C-4AEB-98D0-81FA02492BD3}.Release|Any CPU.ActiveCfg = Release|Any CPU
		{4CBF2F7F-4E2C-4AEB-98D0-81FA02492BD3}.Release|Any CPU.Build.0 = Release|Any CPU
		{A60C4205-A8F7-4988-8343-88058D51F6E5}.Debug|Any CPU.ActiveCfg = Debug|Any CPU
		{A60C4205-A8F7-4988-8343-88058D51F6E5}.Debug|Any CPU.Build.0 = Debug|Any CPU
		{A60C4205-A8F7-4988-8343-88058D51F6E5}.Release|Any CPU.ActiveCfg = Release|Any CPU
		{A60C4205-A8F7-4988-8343-88058D51F6E5}.Release|Any CPU.Build.0 = Release|Any CPU
		{D4976EA1-8174-433E-AEE4-B411CD24987E}.Debug|Any CPU.ActiveCfg = Debug|Any CPU
		{D4976EA1-8174-433E-AEE4-B411CD24987E}.Debug|Any CPU.Build.0 = Debug|Any CPU
		{D4976EA1-8174-433E-AEE4-B411CD24987E}.Release|Any CPU.ActiveCfg = Release|Any CPU
		{D4976EA1-8174-433E-AEE4-B411CD24987E}.Release|Any CPU.Build.0 = Release|Any CPU
		{415E828F-21E6-4D0A-8AF6-A0F616A16317}.Debug|Any CPU.ActiveCfg = Debug|Any CPU
		{415E828F-21E6-4D0A-8AF6-A0F616A16317}.Debug|Any CPU.Build.0 = Debug|Any CPU
		{415E828F-21E6-4D0A-8AF6-A0F616A16317}.Release|Any CPU.ActiveCfg = Release|Any CPU
		{415E828F-21E6-4D0A-8AF6-A0F616A16317}.Release|Any CPU.Build.0 = Release|Any CPU
		{D7B58408-14C7-459E-914A-FE6232B0D3A1}.Debug|Any CPU.ActiveCfg = Debug|Any CPU
		{D7B58408-14C7-459E-914A-FE6232B0D3A1}.Debug|Any CPU.Build.0 = Debug|Any CPU
		{D7B58408-14C7-459E-914A-FE6232B0D3A1}.Release|Any CPU.ActiveCfg = Release|Any CPU
		{D7B58408-14C7-459E-914A-FE6232B0D3A1}.Release|Any CPU.Build.0 = Release|Any CPU
		{97FBAF8B-F3B8-4612-B9AD-B8F5233B5F4C}.Debug|Any CPU.ActiveCfg = Debug|Any CPU
		{97FBAF8B-F3B8-4612-B9AD-B8F5233B5F4C}.Debug|Any CPU.Build.0 = Debug|Any CPU
		{97FBAF8B-F3B8-4612-B9AD-B8F5233B5F4C}.Release|Any CPU.ActiveCfg = Release|Any CPU
		{97FBAF8B-F3B8-4612-B9AD-B8F5233B5F4C}.Release|Any CPU.Build.0 = Release|Any CPU
		{3BBADA67-6313-4023-9BA5-54234336B0B5}.Debug|Any CPU.ActiveCfg = Debug|Any CPU
		{3BBADA67-6313-4023-9BA5-54234336B0B5}.Debug|Any CPU.Build.0 = Debug|Any CPU
		{3BBADA67-6313-4023-9BA5-54234336B0B5}.Release|Any CPU.ActiveCfg = Release|Any CPU
		{3BBADA67-6313-4023-9BA5-54234336B0B5}.Release|Any CPU.Build.0 = Release|Any CPU
		{5100B263-D492-488F-B3C1-D82E4320C197}.Debug|Any CPU.ActiveCfg = Debug|Any CPU
		{5100B263-D492-488F-B3C1-D82E4320C197}.Debug|Any CPU.Build.0 = Debug|Any CPU
		{5100B263-D492-488F-B3C1-D82E4320C197}.Release|Any CPU.ActiveCfg = Release|Any CPU
		{5100B263-D492-488F-B3C1-D82E4320C197}.Release|Any CPU.Build.0 = Release|Any CPU
		{9BF4D8D9-4629-4945-8D96-392D168456D1}.Debug|Any CPU.ActiveCfg = Debug|Any CPU
		{9BF4D8D9-4629-4945-8D96-392D168456D1}.Debug|Any CPU.Build.0 = Debug|Any CPU
		{9BF4D8D9-4629-4945-8D96-392D168456D1}.Release|Any CPU.ActiveCfg = Release|Any CPU
		{9BF4D8D9-4629-4945-8D96-392D168456D1}.Release|Any CPU.Build.0 = Release|Any CPU
		{73585E4E-EDBA-48C4-8331-64C4B590A94A}.Debug|Any CPU.ActiveCfg = Debug|Any CPU
		{73585E4E-EDBA-48C4-8331-64C4B590A94A}.Debug|Any CPU.Build.0 = Debug|Any CPU
		{73585E4E-EDBA-48C4-8331-64C4B590A94A}.Release|Any CPU.ActiveCfg = Release|Any CPU
		{73585E4E-EDBA-48C4-8331-64C4B590A94A}.Release|Any CPU.Build.0 = Release|Any CPU
		{CD1A2140-69E1-4976-8E74-F0A3BD1CCFE1}.Debug|Any CPU.ActiveCfg = Debug|Any CPU
		{CD1A2140-69E1-4976-8E74-F0A3BD1CCFE1}.Debug|Any CPU.Build.0 = Debug|Any CPU
		{CD1A2140-69E1-4976-8E74-F0A3BD1CCFE1}.Release|Any CPU.ActiveCfg = Release|Any CPU
		{CD1A2140-69E1-4976-8E74-F0A3BD1CCFE1}.Release|Any CPU.Build.0 = Release|Any CPU
		{2DED3CFE-2D0A-40F5-8DB3-BC3625176E73}.Debug|Any CPU.ActiveCfg = Debug|Any CPU
		{2DED3CFE-2D0A-40F5-8DB3-BC3625176E73}.Debug|Any CPU.Build.0 = Debug|Any CPU
		{2DED3CFE-2D0A-40F5-8DB3-BC3625176E73}.Release|Any CPU.ActiveCfg = Release|Any CPU
		{2DED3CFE-2D0A-40F5-8DB3-BC3625176E73}.Release|Any CPU.Build.0 = Release|Any CPU
		{9823A7EB-4E28-49FE-AE84-C73EE51AA3AC}.Debug|Any CPU.ActiveCfg = Debug|Any CPU
		{9823A7EB-4E28-49FE-AE84-C73EE51AA3AC}.Debug|Any CPU.Build.0 = Debug|Any CPU
		{9823A7EB-4E28-49FE-AE84-C73EE51AA3AC}.Release|Any CPU.ActiveCfg = Release|Any CPU
		{9823A7EB-4E28-49FE-AE84-C73EE51AA3AC}.Release|Any CPU.Build.0 = Release|Any CPU
		{A2888007-CB8B-4FAF-81C7-D2130749249A}.Debug|Any CPU.ActiveCfg = Debug|Any CPU
		{A2888007-CB8B-4FAF-81C7-D2130749249A}.Debug|Any CPU.Build.0 = Debug|Any CPU
		{A2888007-CB8B-4FAF-81C7-D2130749249A}.Release|Any CPU.ActiveCfg = Release|Any CPU
		{A2888007-CB8B-4FAF-81C7-D2130749249A}.Release|Any CPU.Build.0 = Release|Any CPU
		{CD63FA08-5248-443B-87D8-453B910D57F2}.Debug|Any CPU.ActiveCfg = Debug|Any CPU
		{CD63FA08-5248-443B-87D8-453B910D57F2}.Debug|Any CPU.Build.0 = Debug|Any CPU
		{CD63FA08-5248-443B-87D8-453B910D57F2}.Release|Any CPU.ActiveCfg = Release|Any CPU
		{CD63FA08-5248-443B-87D8-453B910D57F2}.Release|Any CPU.Build.0 = Release|Any CPU
	EndGlobalSection
	GlobalSection(SolutionProperties) = preSolution
		HideSolutionNode = FALSE
	EndGlobalSection
	GlobalSection(NestedProjects) = preSolution
		{311AF2EA-8577-426F-B60A-B71C10F4448E} = {6EA422F6-C8CF-4A2A-A9CB-8CB8DB1B5DF2}
		{B07DC647-FD9F-46B3-B532-8BA0E9518F78} = {6EA422F6-C8CF-4A2A-A9CB-8CB8DB1B5DF2}
		{549744BF-AD4F-407F-A071-A38F74D1214C} = {6EA422F6-C8CF-4A2A-A9CB-8CB8DB1B5DF2}
		{4CBF2F7F-4E2C-4AEB-98D0-81FA02492BD3} = {2BEFEF69-5574-41B2-A35D-A53900A3CFD2}
		{A60C4205-A8F7-4988-8343-88058D51F6E5} = {2BEFEF69-5574-41B2-A35D-A53900A3CFD2}
		{D4976EA1-8174-433E-AEE4-B411CD24987E} = {2BEFEF69-5574-41B2-A35D-A53900A3CFD2}
		{415E828F-21E6-4D0A-8AF6-A0F616A16317} = {5EA12B40-1A9D-4394-B5FE-1940AC87868C}
		{D7B58408-14C7-459E-914A-FE6232B0D3A1} = {5EA12B40-1A9D-4394-B5FE-1940AC87868C}
		{97FBAF8B-F3B8-4612-B9AD-B8F5233B5F4C} = {5EA12B40-1A9D-4394-B5FE-1940AC87868C}
		{3BBADA67-6313-4023-9BA5-54234336B0B5} = {1E42878A-1CB4-4633-8736-F9B9D75A622D}
		{5100B263-D492-488F-B3C1-D82E4320C197} = {1E42878A-1CB4-4633-8736-F9B9D75A622D}
		{9BF4D8D9-4629-4945-8D96-392D168456D1} = {1E42878A-1CB4-4633-8736-F9B9D75A622D}
		{73585E4E-EDBA-48C4-8331-64C4B590A94A} = {0F0B91CD-ADCF-4D3E-8B5F-9157A9C1399B}
		{CD1A2140-69E1-4976-8E74-F0A3BD1CCFE1} = {0F0B91CD-ADCF-4D3E-8B5F-9157A9C1399B}
		{2DED3CFE-2D0A-40F5-8DB3-BC3625176E73} = {0F0B91CD-ADCF-4D3E-8B5F-9157A9C1399B}
		{9823A7EB-4E28-49FE-AE84-C73EE51AA3AC} = {2DA74FA9-3123-47E0-B224-B24B91E19555}
		{A2888007-CB8B-4FAF-81C7-D2130749249A} = {2DA74FA9-3123-47E0-B224-B24B91E19555}
		{CD63FA08-5248-443B-87D8-453B910D57F2} = {2DA74FA9-3123-47E0-B224-B24B91E19555}
	EndGlobalSection
	GlobalSection(ExtensibilityGlobals) = postSolution
		SolutionGuid = {D8F3602C-4776-45D7-8B38-3495D1A22AC9}
	EndGlobalSection
EndGlobal
